
Microsoft Visual Studio Solution File, Format Version 12.00
# Visual Studio 14
VisualStudioVersion = 14.0.24720.0
MinimumVisualStudioVersion = 10.0.40219.1
Project("{F184B08F-C81C-45F6-A57F-5ABD9991F28F}") = "Ozone.Browser", "Ozone.Browser\Ozone.Browser.vbproj", "{22B2884A-597D-44F9-A9DD-779FD1E4E5C6}"
EndProject
Project("{F184B08F-C81C-45F6-A57F-5ABD9991F28F}") = "OB.Path", "OB.Path\OB.Path.vbproj", "{A2578433-1CF3-4919-A711-9C28F6985235}"
EndProject
Global
	GlobalSection(SolutionConfigurationPlatforms) = preSolution
		Debug|Any CPU = Debug|Any CPU
		Release|Any CPU = Release|Any CPU
	EndGlobalSection
	GlobalSection(ProjectConfigurationPlatforms) = postSolution
		{22B2884A-597D-44F9-A9DD-779FD1E4E5C6}.Debug|Any CPU.ActiveCfg = Debug|Any CPU
		{22B2884A-597D-44F9-A9DD-779FD1E4E5C6}.Debug|Any CPU.Build.0 = Debug|Any CPU
		{22B2884A-597D-44F9-A9DD-779FD1E4E5C6}.Release|Any CPU.ActiveCfg = Release|Any CPU
		{22B2884A-597D-44F9-A9DD-779FD1E4E5C6}.Release|Any CPU.Build.0 = Release|Any CPU
		{A2578433-1CF3-4919-A711-9C28F6985235}.Debug|Any CPU.ActiveCfg = Debug|Any CPU
		{A2578433-1CF3-4919-A711-9C28F6985235}.Debug|Any CPU.Build.0 = Debug|Any CPU
		{A2578433-1CF3-4919-A711-9C28F6985235}.Release|Any CPU.ActiveCfg = Release|Any CPU
		{A2578433-1CF3-4919-A711-9C28F6985235}.Release|Any CPU.Build.0 = Release|Any CPU
	EndGlobalSection
	GlobalSection(SolutionProperties) = preSolution
		HideSolutionNode = FALSE
	EndGlobalSection
EndGlobal
